
Microsoft Visual Studio Solution File, Format Version 12.00
# Visual Studio Version 16
VisualStudioVersion = 16.0.31205.134
MinimumVisualStudioVersion = 10.0.40219.1
Project("{9A19103F-16F7-4668-BE54-9A1E7A4F7556}") = "QuantumConsoleDesktop", "QuantumConsoleDesktop\QuantumConsoleDesktop.csproj", "{845F7961-2FC0-449B-976D-8506916D11CC}"
EndProject
Project("{C7167F0D-BC9F-4E6E-AFE1-012C56B48DB5}") = "QEPackage", "QEPackage\QEPackage.wapproj", "{15AC8834-909A-4FD6-9BFD-5D819DD6ED52}"
EndProject
Project("{9A19103F-16F7-4668-BE54-9A1E7A4F7556}") = "QuantumEncryptLib", "QuantumEncryptLib\QuantumEncryptLib.csproj", "{2BABC10E-7046-4CD0-852B-8A31A847E574}"
EndProject
Project("{2150E333-8FDC-42A3-9474-1A3956D46DE8}") = "Solution Items", "Solution Items", "{1C0BC5BE-4A66-47BB-B676-BBAA3C4E367E}"
	ProjectSection(SolutionItems) = preProject
		404.html = 404.html
		index.html = index.html
	EndProjectSection
EndProject
Global
	GlobalSection(SolutionConfigurationPlatforms) = preSolution
		Debug|Any CPU = Debug|Any CPU
		Debug|ARM = Debug|ARM
		Debug|ARM64 = Debug|ARM64
		Debug|x64 = Debug|x64
		Debug|x86 = Debug|x86
		Release|Any CPU = Release|Any CPU
		Release|ARM = Release|ARM
		Release|ARM64 = Release|ARM64
		Release|x64 = Release|x64
		Release|x86 = Release|x86
	EndGlobalSection
	GlobalSection(ProjectConfigurationPlatforms) = postSolution
		{845F7961-2FC0-449B-976D-8506916D11CC}.Debug|Any CPU.ActiveCfg = Debug|x64
		{845F7961-2FC0-449B-976D-8506916D11CC}.Debug|Any CPU.Build.0 = Debug|x64
		{845F7961-2FC0-449B-976D-8506916D11CC}.Debug|ARM.ActiveCfg = Debug|Any CPU
		{845F7961-2FC0-449B-976D-8506916D11CC}.Debug|ARM.Build.0 = Debug|Any CPU
		{845F7961-2FC0-449B-976D-8506916D11CC}.Debug|ARM64.ActiveCfg = Debug|Any CPU
		{845F7961-2FC0-449B-976D-8506916D11CC}.Debug|ARM64.Build.0 = Debug|Any CPU
		{845F7961-2FC0-449B-976D-8506916D11CC}.Debug|x64.ActiveCfg = Debug|x64
		{845F7961-2FC0-449B-976D-8506916D11CC}.Debug|x64.Build.0 = Debug|x64
		{845F7961-2FC0-449B-976D-8506916D11CC}.Debug|x86.ActiveCfg = Debug|x86
		{845F7961-2FC0-449B-976D-8506916D11CC}.Debug|x86.Build.0 = Debug|x86
		{845F7961-2FC0-449B-976D-8506916D11CC}.Release|Any CPU.ActiveCfg = Release|Any CPU
		{845F7961-2FC0-449B-976D-8506916D11CC}.Release|Any CPU.Build.0 = Release|Any CPU
		{845F7961-2FC0-449B-976D-8506916D11CC}.Release|ARM.ActiveCfg = Release|Any CPU
		{845F7961-2FC0-449B-976D-8506916D11CC}.Release|ARM.Build.0 = Release|Any CPU
		{845F7961-2FC0-449B-976D-8506916D11CC}.Release|ARM64.ActiveCfg = Release|Any CPU
		{845F7961-2FC0-449B-976D-8506916D11CC}.Release|ARM64.Build.0 = Release|Any CPU
		{845F7961-2FC0-449B-976D-8506916D11CC}.Release|x64.ActiveCfg = Release|x64
		{845F7961-2FC0-449B-976D-8506916D11CC}.Release|x64.Build.0 = Release|x64
		{845F7961-2FC0-449B-976D-8506916D11CC}.Release|x86.ActiveCfg = Release|x86
		{845F7961-2FC0-449B-976D-8506916D11CC}.Release|x86.Build.0 = Release|x86
		{15AC8834-909A-4FD6-9BFD-5D819DD6ED52}.Debug|Any CPU.ActiveCfg = Debug|x64
		{15AC8834-909A-4FD6-9BFD-5D819DD6ED52}.Debug|Any CPU.Build.0 = Debug|x64
		{15AC8834-909A-4FD6-9BFD-5D819DD6ED52}.Debug|Any CPU.Deploy.0 = Debug|x64
		{15AC8834-909A-4FD6-9BFD-5D819DD6ED52}.Debug|ARM.ActiveCfg = Debug|ARM
		{15AC8834-909A-4FD6-9BFD-5D819DD6ED52}.Debug|ARM.Build.0 = Debug|ARM
		{15AC8834-909A-4FD6-9BFD-5D819DD6ED52}.Debug|ARM.Deploy.0 = Debug|ARM
		{15AC8834-909A-4FD6-9BFD-5D819DD6ED52}.Debug|ARM64.ActiveCfg = Debug|ARM64
		{15AC8834-909A-4FD6-9BFD-5D819DD6ED52}.Debug|ARM64.Build.0 = Debug|ARM64
		{15AC8834-909A-4FD6-9BFD-5D819DD6ED52}.Debug|ARM64.Deploy.0 = Debug|ARM64
		{15AC8834-909A-4FD6-9BFD-5D819DD6ED52}.Debug|x64.ActiveCfg = Debug|x64
		{15AC8834-909A-4FD6-9BFD-5D819DD6ED52}.Debug|x64.Build.0 = Debug|x64
		{15AC8834-909A-4FD6-9BFD-5D819DD6ED52}.Debug|x64.Deploy.0 = Debug|x64
		{15AC8834-909A-4FD6-9BFD-5D819DD6ED52}.Debug|x86.ActiveCfg = Debug|x86
		{15AC8834-909A-4FD6-9BFD-5D819DD6ED52}.Debug|x86.Build.0 = Debug|x86
		{15AC8834-909A-4FD6-9BFD-5D819DD6ED52}.Debug|x86.Deploy.0 = Debug|x86
		{15AC8834-909A-4FD6-9BFD-5D819DD6ED52}.Release|Any CPU.ActiveCfg = Release|Any CPU
		{15AC8834-909A-4FD6-9BFD-5D819DD6ED52}.Release|Any CPU.Build.0 = Release|Any CPU
		{15AC8834-909A-4FD6-9BFD-5D819DD6ED52}.Release|Any CPU.Deploy.0 = Release|Any CPU
		{15AC8834-909A-4FD6-9BFD-5D819DD6ED52}.Release|ARM.ActiveCfg = Release|ARM
		{15AC8834-909A-4FD6-9BFD-5D819DD6ED52}.Release|ARM.Build.0 = Release|ARM
		{15AC8834-909A-4FD6-9BFD-5D819DD6ED52}.Release|ARM.Deploy.0 = Release|ARM
		{15AC8834-909A-4FD6-9BFD-5D819DD6ED52}.Release|ARM64.ActiveCfg = Release|ARM64
		{15AC8834-909A-4FD6-9BFD-5D819DD6ED52}.Release|ARM64.Build.0 = Release|ARM64
		{15AC8834-909A-4FD6-9BFD-5D819DD6ED52}.Release|ARM64.Deploy.0 = Release|ARM64
		{15AC8834-909A-4FD6-9BFD-5D819DD6ED52}.Release|x64.ActiveCfg = Release|x64
		{15AC8834-909A-4FD6-9BFD-5D819DD6ED52}.Release|x64.Build.0 = Release|x64
		{15AC8834-909A-4FD6-9BFD-5D819DD6ED52}.Release|x64.Deploy.0 = Release|x64
		{15AC8834-909A-4FD6-9BFD-5D819DD6ED52}.Release|x86.ActiveCfg = Release|x86
		{15AC8834-909A-4FD6-9BFD-5D819DD6ED52}.Release|x86.Build.0 = Release|x86
		{15AC8834-909A-4FD6-9BFD-5D819DD6ED52}.Release|x86.Deploy.0 = Release|x86
		{2BABC10E-7046-4CD0-852B-8A31A847E574}.Debug|Any CPU.ActiveCfg = Debug|x64
		{2BABC10E-7046-4CD0-852B-8A31A847E574}.Debug|Any CPU.Build.0 = Debug|x64
		{2BABC10E-7046-4CD0-852B-8A31A847E574}.Debug|ARM.ActiveCfg = Debug|Any CPU
		{2BABC10E-7046-4CD0-852B-8A31A847E574}.Debug|ARM.Build.0 = Debug|Any CPU
		{2BABC10E-7046-4CD0-852B-8A31A847E574}.Debug|ARM64.ActiveCfg = Debug|Any CPU
		{2BABC10E-7046-4CD0-852B-8A31A847E574}.Debug|ARM64.Build.0 = Debug|Any CPU
		{2BABC10E-7046-4CD0-852B-8A31A847E574}.Debug|x64.ActiveCfg = Debug|x64
		{2BABC10E-7046-4CD0-852B-8A31A847E574}.Debug|x64.Build.0 = Debug|x64
		{2BABC10E-7046-4CD0-852B-8A31A847E574}.Debug|x86.ActiveCfg = Debug|x86
		{2BABC10E-7046-4CD0-852B-8A31A847E574}.Debug|x86.Build.0 = Debug|x86
		{2BABC10E-7046-4CD0-852B-8A31A847E574}.Release|Any CPU.ActiveCfg = Release|Any CPU
		{2BABC10E-7046-4CD0-852B-8A31A847E574}.Release|Any CPU.Build.0 = Release|Any CPU
		{2BABC10E-7046-4CD0-852B-8A31A847E574}.Release|ARM.ActiveCfg = Release|Any CPU
		{2BABC10E-7046-4CD0-852B-8A31A847E574}.Release|ARM.Build.0 = Release|Any CPU
		{2BABC10E-7046-4CD0-852B-8A31A847E574}.Release|ARM64.ActiveCfg = Release|Any CPU
		{2BABC10E-7046-4CD0-852B-8A31A847E574}.Release|ARM64.Build.0 = Release|Any CPU
		{2BABC10E-7046-4CD0-852B-8A31A847E574}.Release|x64.ActiveCfg = Release|x64
		{2BABC10E-7046-4CD0-852B-8A31A847E574}.Release|x64.Build.0 = Release|x64
		{2BABC10E-7046-4CD0-852B-8A31A847E574}.Release|x86.ActiveCfg = Release|x86
		{2BABC10E-7046-4CD0-852B-8A31A847E574}.Release|x86.Build.0 = Release|x86
	EndGlobalSection
	GlobalSection(SolutionProperties) = preSolution
		HideSolutionNode = FALSE
	EndGlobalSection
	GlobalSection(ExtensibilityGlobals) = postSolution
		SolutionGuid = {F62F43E0-4887-4489-9149-3381352BEB1B}
	EndGlobalSection
EndGlobal
