
Microsoft Visual Studio Solution File, Format Version 12.00
# Visual Studio Version 16
VisualStudioVersion = 16.0.31205.134
MinimumVisualStudioVersion = 10.0.40219.1
Project("{9A19103F-16F7-4668-BE54-9A1E7A4F7556}") = "QuantumEncryptDesktop", "DesktopProto2\QuantumEncryptDesktop.csproj", "{BC20927B-FAC4-43B7-9C27-4562C4D418C0}"
EndProject
Project("{9A19103F-16F7-4668-BE54-9A1E7A4F7556}") = "QuantumEncryptLib", "QuantumEncryptLib\QuantumEncryptLib.csproj", "{E42424DC-80D2-4AF1-9AA1-324C9116C9FF}"
EndProject
Project("{54435603-DBB4-11D2-8724-00A0C9A8B90C}") = "QuantumEncryptSetup", "QuantumEncryptSetup\QuantumEncryptSetup.vdproj", "{A6113D33-4D1C-43D2-88F5-DA0B8A16EBBA}"
EndProject
Global
	GlobalSection(SolutionConfigurationPlatforms) = preSolution
		Debug|Any CPU = Debug|Any CPU
		Release|Any CPU = Release|Any CPU
	EndGlobalSection
	GlobalSection(ProjectConfigurationPlatforms) = postSolution
		{BC20927B-FAC4-43B7-9C27-4562C4D418C0}.Debug|Any CPU.ActiveCfg = Debug|Any CPU
		{BC20927B-FAC4-43B7-9C27-4562C4D418C0}.Debug|Any CPU.Build.0 = Debug|Any CPU
		{BC20927B-FAC4-43B7-9C27-4562C4D418C0}.Release|Any CPU.ActiveCfg = Release|Any CPU
		{BC20927B-FAC4-43B7-9C27-4562C4D418C0}.Release|Any CPU.Build.0 = Release|Any CPU
		{E42424DC-80D2-4AF1-9AA1-324C9116C9FF}.Debug|Any CPU.ActiveCfg = Debug|Any CPU
		{E42424DC-80D2-4AF1-9AA1-324C9116C9FF}.Debug|Any CPU.Build.0 = Debug|Any CPU
		{E42424DC-80D2-4AF1-9AA1-324C9116C9FF}.Release|Any CPU.ActiveCfg = Release|Any CPU
		{E42424DC-80D2-4AF1-9AA1-324C9116C9FF}.Release|Any CPU.Build.0 = Release|Any CPU
		{A6113D33-4D1C-43D2-88F5-DA0B8A16EBBA}.Debug|Any CPU.ActiveCfg = Debug
		{A6113D33-4D1C-43D2-88F5-DA0B8A16EBBA}.Release|Any CPU.ActiveCfg = Release
		{A6113D33-4D1C-43D2-88F5-DA0B8A16EBBA}.Release|Any CPU.Build.0 = Release
	EndGlobalSection
	GlobalSection(SolutionProperties) = preSolution
		HideSolutionNode = FALSE
	EndGlobalSection
	GlobalSection(ExtensibilityGlobals) = postSolution
		SolutionGuid = {F62F43E0-4887-4489-9149-3381352BEB1B}
	EndGlobalSection
EndGlobal
